
Microsoft Visual Studio Solution File, Format Version 12.00
# Visual Studio Version 16
VisualStudioVersion = 16.0.31515.178
MinimumVisualStudioVersion = 10.0.40219.1
Project("{FAE04EC0-301F-11D3-BF4B-00C04F79EFBC}") = "azExam400", "azExam400\azExam400.csproj", "{9D45D19B-7710-43D0-AD89-C7C4D5783595}"
EndProject
Global
	GlobalSection(SolutionConfigurationPlatforms) = preSolution
		Debug|Any CPU = Debug|Any CPU
		Release|Any CPU = Release|Any CPU
	EndGlobalSection
	GlobalSection(ProjectConfigurationPlatforms) = postSolution
		{9D45D19B-7710-43D0-AD89-C7C4D5783595}.Debug|Any CPU.ActiveCfg = Debug|Any CPU
		{9D45D19B-7710-43D0-AD89-C7C4D5783595}.Debug|Any CPU.Build.0 = Debug|Any CPU
		{9D45D19B-7710-43D0-AD89-C7C4D5783595}.Release|Any CPU.ActiveCfg = Release|Any CPU
		{9D45D19B-7710-43D0-AD89-C7C4D5783595}.Release|Any CPU.Build.0 = Release|Any CPU
	EndGlobalSection
	GlobalSection(SolutionProperties) = preSolution
		HideSolutionNode = FALSE
	EndGlobalSection
	GlobalSection(ExtensibilityGlobals) = postSolution
		SolutionGuid = {58A3E055-3DCA-49FB-A2BA-7C3F333527DA}
	EndGlobalSection
EndGlobal
